
Microsoft Visual Studio Solution File, Format Version 12.00
# Visual Studio Version 16
VisualStudioVersion = 16.0.36324.18
MinimumVisualStudioVersion = 10.0.40219.1
Project("{FAE04EC0-301F-11D3-BF4B-00C04F79EFBC}") = "HW4SimCardRegistration", "HW4SimCardRegistration\HW4SimCardRegistration.csproj", "{AA35551F-2B2C-4B30-AB06-7B42F5218E07}"
EndProject
Global
	GlobalSection(SolutionConfigurationPlatforms) = preSolution
		Debug|Any CPU = Debug|Any CPU
		Release|Any CPU = Release|Any CPU
	EndGlobalSection
	GlobalSection(ProjectConfigurationPlatforms) = postSolution
		{AA35551F-2B2C-4B30-AB06-7B42F5218E07}.Debug|Any CPU.ActiveCfg = Debug|Any CPU
		{AA35551F-2B2C-4B30-AB06-7B42F5218E07}.Debug|Any CPU.Build.0 = Debug|Any CPU
		{AA35551F-2B2C-4B30-AB06-7B42F5218E07}.Release|Any CPU.ActiveCfg = Release|Any CPU
		{AA35551F-2B2C-4B30-AB06-7B42F5218E07}.Release|Any CPU.Build.0 = Release|Any CPU
	EndGlobalSection
	GlobalSection(SolutionProperties) = preSolution
		HideSolutionNode = FALSE
	EndGlobalSection
	GlobalSection(ExtensibilityGlobals) = postSolution
		SolutionGuid = {E5A3B61D-332F-4365-A202-AFEF01EC4A16}
	EndGlobalSection
EndGlobal
